
Microsoft Visual Studio Solution File, Format Version 12.00
Project("{FAE04EC0-301F-11D3-BF4B-00C04F79EFBC}") = "Exercicio01", "Exercicio01\Exercicio01.csproj", "{52D1E12D-25B7-4A23-9224-CC2E30FA74FC}"
EndProject
Project("{FAE04EC0-301F-11D3-BF4B-00C04F79EFBC}") = "Exercicio02", "Exercicio02\Exercicio02.csproj", "{35CBD31E-BDEB-4586-8E4C-21007BE4D349}"
EndProject
Project("{FAE04EC0-301F-11D3-BF4B-00C04F79EFBC}") = "Exercicio03", "Exercicio03\Exercicio03.csproj", "{09E6481C-F3B1-4E86-95D6-08523BC20988}"
EndProject
Project("{FAE04EC0-301F-11D3-BF4B-00C04F79EFBC}") = "Exercicio04", "Exercicio04\Exercicio04.csproj", "{219404E8-2863-43C6-8E79-7CBE4CB7B72A}"
EndProject
Project("{FAE04EC0-301F-11D3-BF4B-00C04F79EFBC}") = "Exercicio05", "Exercicio05\Exercicio05.csproj", "{ACC1D86B-0BEC-4FA5-99EF-25711643CF79}"
EndProject
Project("{FAE04EC0-301F-11D3-BF4B-00C04F79EFBC}") = "Exercicio06", "Exercicio06\Exercicio06.csproj", "{33C57D13-6CBF-4370-8DF0-45E32232F9BF}"
EndProject
Project("{FAE04EC0-301F-11D3-BF4B-00C04F79EFBC}") = "Exercicio07", "Exercicio07\Exercicio07.csproj", "{F129664F-C947-4732-AB63-A94E08041D49}"
EndProject
Project("{FAE04EC0-301F-11D3-BF4B-00C04F79EFBC}") = "Exercicio08", "Exercicio08\Exercicio08.csproj", "{D08FDDCA-5EA8-4E57-BFF5-2A9F8B43E38F}"
EndProject
Project("{FAE04EC0-301F-11D3-BF4B-00C04F79EFBC}") = "Exercicio09", "Exercicio09\Exercicio09.csproj", "{102158BB-93FE-437A-83FE-D44987189AD0}"
EndProject
Project("{FAE04EC0-301F-11D3-BF4B-00C04F79EFBC}") = "Exercicio10", "Exercicio10\Exercicio10.csproj", "{20DBD6CD-E0AB-426F-A9B1-6788EB9A8508}"
EndProject
Project("{FAE04EC0-301F-11D3-BF4B-00C04F79EFBC}") = "Exercicio11", "Exercicio11\Exercicio11.csproj", "{A3018104-81DE-41D0-8C77-0667CC83C373}"
EndProject
Project("{FAE04EC0-301F-11D3-BF4B-00C04F79EFBC}") = "Exercicio12", "Exercicio12\Exercicio12.csproj", "{31748BB5-461C-4F17-BFA0-B3340117CCC6}"
EndProject
Project("{FAE04EC0-301F-11D3-BF4B-00C04F79EFBC}") = "Exercicio13", "Exercicio13\Exercicio13.csproj", "{6A31DA3F-DD8B-4D2D-B6DF-C42FC5806F12}"
EndProject
Project("{FAE04EC0-301F-11D3-BF4B-00C04F79EFBC}") = "Exercicio14", "Exercicio14\Exercicio14.csproj", "{AEA2C9C4-B7C3-41FE-97AC-4E9B2AEA20F6}"
EndProject
Project("{FAE04EC0-301F-11D3-BF4B-00C04F79EFBC}") = "Exercicio15", "Exercicio15\Exercicio15.csproj", "{42EB7915-A1BA-4C98-8BB2-D20A9949B797}"
EndProject
Project("{FAE04EC0-301F-11D3-BF4B-00C04F79EFBC}") = "Exercicio16", "Exercicio16\Exercicio16.csproj", "{621FD95B-0FF8-418C-B791-B8DC489863AE}"
EndProject
Project("{FAE04EC0-301F-11D3-BF4B-00C04F79EFBC}") = "Exercicio17", "Exercicio17\Exercicio17.csproj", "{B19B5AA5-F571-4E54-802A-F11DD550F41B}"
EndProject
Project("{FAE04EC0-301F-11D3-BF4B-00C04F79EFBC}") = "Exercicio18", "Exercicio18\Exercicio18.csproj", "{BA51B5FE-BBA3-45E7-AAF1-7A4EA328956E}"
EndProject
Project("{FAE04EC0-301F-11D3-BF4B-00C04F79EFBC}") = "Exercicio19", "Exercicio19\Exercicio19.csproj", "{31B98CA1-506D-4AFC-ADA5-6AFC15678A0B}"
EndProject
Project("{FAE04EC0-301F-11D3-BF4B-00C04F79EFBC}") = "Exercicio20", "Exercicio20\Exercicio20.csproj", "{1BD22C5C-77CD-4BF4-B575-4228AC893884}"
EndProject
Global
	GlobalSection(SolutionConfigurationPlatforms) = preSolution
		Debug|Any CPU = Debug|Any CPU
		Release|Any CPU = Release|Any CPU
	EndGlobalSection
	GlobalSection(ProjectConfigurationPlatforms) = postSolution
		{52D1E12D-25B7-4A23-9224-CC2E30FA74FC}.Debug|Any CPU.ActiveCfg = Debug|Any CPU
		{52D1E12D-25B7-4A23-9224-CC2E30FA74FC}.Debug|Any CPU.Build.0 = Debug|Any CPU
		{52D1E12D-25B7-4A23-9224-CC2E30FA74FC}.Release|Any CPU.ActiveCfg = Release|Any CPU
		{52D1E12D-25B7-4A23-9224-CC2E30FA74FC}.Release|Any CPU.Build.0 = Release|Any CPU
		{35CBD31E-BDEB-4586-8E4C-21007BE4D349}.Debug|Any CPU.ActiveCfg = Debug|Any CPU
		{35CBD31E-BDEB-4586-8E4C-21007BE4D349}.Debug|Any CPU.Build.0 = Debug|Any CPU
		{35CBD31E-BDEB-4586-8E4C-21007BE4D349}.Release|Any CPU.ActiveCfg = Release|Any CPU
		{35CBD31E-BDEB-4586-8E4C-21007BE4D349}.Release|Any CPU.Build.0 = Release|Any CPU
		{09E6481C-F3B1-4E86-95D6-08523BC20988}.Debug|Any CPU.ActiveCfg = Debug|Any CPU
		{09E6481C-F3B1-4E86-95D6-08523BC20988}.Debug|Any CPU.Build.0 = Debug|Any CPU
		{09E6481C-F3B1-4E86-95D6-08523BC20988}.Release|Any CPU.ActiveCfg = Release|Any CPU
		{09E6481C-F3B1-4E86-95D6-08523BC20988}.Release|Any CPU.Build.0 = Release|Any CPU
		{219404E8-2863-43C6-8E79-7CBE4CB7B72A}.Debug|Any CPU.ActiveCfg = Debug|Any CPU
		{219404E8-2863-43C6-8E79-7CBE4CB7B72A}.Debug|Any CPU.Build.0 = Debug|Any CPU
		{219404E8-2863-43C6-8E79-7CBE4CB7B72A}.Release|Any CPU.ActiveCfg = Release|Any CPU
		{219404E8-2863-43C6-8E79-7CBE4CB7B72A}.Release|Any CPU.Build.0 = Release|Any CPU
		{ACC1D86B-0BEC-4FA5-99EF-25711643CF79}.Debug|Any CPU.ActiveCfg = Debug|Any CPU
		{ACC1D86B-0BEC-4FA5-99EF-25711643CF79}.Debug|Any CPU.Build.0 = Debug|Any CPU
		{ACC1D86B-0BEC-4FA5-99EF-25711643CF79}.Release|Any CPU.ActiveCfg = Release|Any CPU
		{ACC1D86B-0BEC-4FA5-99EF-25711643CF79}.Release|Any CPU.Build.0 = Release|Any CPU
		{33C57D13-6CBF-4370-8DF0-45E32232F9BF}.Debug|Any CPU.ActiveCfg = Debug|Any CPU
		{33C57D13-6CBF-4370-8DF0-45E32232F9BF}.Debug|Any CPU.Build.0 = Debug|Any CPU
		{33C57D13-6CBF-4370-8DF0-45E32232F9BF}.Release|Any CPU.ActiveCfg = Release|Any CPU
		{33C57D13-6CBF-4370-8DF0-45E32232F9BF}.Release|Any CPU.Build.0 = Release|Any CPU
		{F129664F-C947-4732-AB63-A94E08041D49}.Debug|Any CPU.ActiveCfg = Debug|Any CPU
		{F129664F-C947-4732-AB63-A94E08041D49}.Debug|Any CPU.Build.0 = Debug|Any CPU
		{F129664F-C947-4732-AB63-A94E08041D49}.Release|Any CPU.ActiveCfg = Release|Any CPU
		{F129664F-C947-4732-AB63-A94E08041D49}.Release|Any CPU.Build.0 = Release|Any CPU
		{D08FDDCA-5EA8-4E57-BFF5-2A9F8B43E38F}.Debug|Any CPU.ActiveCfg = Debug|Any CPU
		{D08FDDCA-5EA8-4E57-BFF5-2A9F8B43E38F}.Debug|Any CPU.Build.0 = Debug|Any CPU
		{D08FDDCA-5EA8-4E57-BFF5-2A9F8B43E38F}.Release|Any CPU.ActiveCfg = Release|Any CPU
		{D08FDDCA-5EA8-4E57-BFF5-2A9F8B43E38F}.Release|Any CPU.Build.0 = Release|Any CPU
		{102158BB-93FE-437A-83FE-D44987189AD0}.Debug|Any CPU.ActiveCfg = Debug|Any CPU
		{102158BB-93FE-437A-83FE-D44987189AD0}.Debug|Any CPU.Build.0 = Debug|Any CPU
		{102158BB-93FE-437A-83FE-D44987189AD0}.Release|Any CPU.ActiveCfg = Release|Any CPU
		{102158BB-93FE-437A-83FE-D44987189AD0}.Release|Any CPU.Build.0 = Release|Any CPU
		{20DBD6CD-E0AB-426F-A9B1-6788EB9A8508}.Debug|Any CPU.ActiveCfg = Debug|Any CPU
		{20DBD6CD-E0AB-426F-A9B1-6788EB9A8508}.Debug|Any CPU.Build.0 = Debug|Any CPU
		{20DBD6CD-E0AB-426F-A9B1-6788EB9A8508}.Release|Any CPU.ActiveCfg = Release|Any CPU
		{20DBD6CD-E0AB-426F-A9B1-6788EB9A8508}.Release|Any CPU.Build.0 = Release|Any CPU
		{A3018104-81DE-41D0-8C77-0667CC83C373}.Debug|Any CPU.ActiveCfg = Debug|Any CPU
		{A3018104-81DE-41D0-8C77-0667CC83C373}.Debug|Any CPU.Build.0 = Debug|Any CPU
		{A3018104-81DE-41D0-8C77-0667CC83C373}.Release|Any CPU.ActiveCfg = Release|Any CPU
		{A3018104-81DE-41D0-8C77-0667CC83C373}.Release|Any CPU.Build.0 = Release|Any CPU
		{31748BB5-461C-4F17-BFA0-B3340117CCC6}.Debug|Any CPU.ActiveCfg = Debug|Any CPU
		{31748BB5-461C-4F17-BFA0-B3340117CCC6}.Debug|Any CPU.Build.0 = Debug|Any CPU
		{31748BB5-461C-4F17-BFA0-B3340117CCC6}.Release|Any CPU.ActiveCfg = Release|Any CPU
		{31748BB5-461C-4F17-BFA0-B3340117CCC6}.Release|Any CPU.Build.0 = Release|Any CPU
		{6A31DA3F-DD8B-4D2D-B6DF-C42FC5806F12}.Debug|Any CPU.ActiveCfg = Debug|Any CPU
		{6A31DA3F-DD8B-4D2D-B6DF-C42FC5806F12}.Debug|Any CPU.Build.0 = Debug|Any CPU
		{6A31DA3F-DD8B-4D2D-B6DF-C42FC5806F12}.Release|Any CPU.ActiveCfg = Release|Any CPU
		{6A31DA3F-DD8B-4D2D-B6DF-C42FC5806F12}.Release|Any CPU.Build.0 = Release|Any CPU
		{AEA2C9C4-B7C3-41FE-97AC-4E9B2AEA20F6}.Debug|Any CPU.ActiveCfg = Debug|Any CPU
		{AEA2C9C4-B7C3-41FE-97AC-4E9B2AEA20F6}.Debug|Any CPU.Build.0 = Debug|Any CPU
		{AEA2C9C4-B7C3-41FE-97AC-4E9B2AEA20F6}.Release|Any CPU.ActiveCfg = Release|Any CPU
		{AEA2C9C4-B7C3-41FE-97AC-4E9B2AEA20F6}.Release|Any CPU.Build.0 = Release|Any CPU
		{42EB7915-A1BA-4C98-8BB2-D20A9949B797}.Debug|Any CPU.ActiveCfg = Debug|Any CPU
		{42EB7915-A1BA-4C98-8BB2-D20A9949B797}.Debug|Any CPU.Build.0 = Debug|Any CPU
		{42EB7915-A1BA-4C98-8BB2-D20A9949B797}.Release|Any CPU.ActiveCfg = Release|Any CPU
		{42EB7915-A1BA-4C98-8BB2-D20A9949B797}.Release|Any CPU.Build.0 = Release|Any CPU
		{621FD95B-0FF8-418C-B791-B8DC489863AE}.Debug|Any CPU.ActiveCfg = Debug|Any CPU
		{621FD95B-0FF8-418C-B791-B8DC489863AE}.Debug|Any CPU.Build.0 = Debug|Any CPU
		{621FD95B-0FF8-418C-B791-B8DC489863AE}.Release|Any CPU.ActiveCfg = Release|Any CPU
		{621FD95B-0FF8-418C-B791-B8DC489863AE}.Release|Any CPU.Build.0 = Release|Any CPU
		{B19B5AA5-F571-4E54-802A-F11DD550F41B}.Debug|Any CPU.ActiveCfg = Debug|Any CPU
		{B19B5AA5-F571-4E54-802A-F11DD550F41B}.Debug|Any CPU.Build.0 = Debug|Any CPU
		{B19B5AA5-F571-4E54-802A-F11DD550F41B}.Release|Any CPU.ActiveCfg = Release|Any CPU
		{B19B5AA5-F571-4E54-802A-F11DD550F41B}.Release|Any CPU.Build.0 = Release|Any CPU
		{BA51B5FE-BBA3-45E7-AAF1-7A4EA328956E}.Debug|Any CPU.ActiveCfg = Debug|Any CPU
		{BA51B5FE-BBA3-45E7-AAF1-7A4EA328956E}.Debug|Any CPU.Build.0 = Debug|Any CPU
		{BA51B5FE-BBA3-45E7-AAF1-7A4EA328956E}.Release|Any CPU.ActiveCfg = Release|Any CPU
		{BA51B5FE-BBA3-45E7-AAF1-7A4EA328956E}.Release|Any CPU.Build.0 = Release|Any CPU
		{31B98CA1-506D-4AFC-ADA5-6AFC15678A0B}.Debug|Any CPU.ActiveCfg = Debug|Any CPU
		{31B98CA1-506D-4AFC-ADA5-6AFC15678A0B}.Debug|Any CPU.Build.0 = Debug|Any CPU
		{31B98CA1-506D-4AFC-ADA5-6AFC15678A0B}.Release|Any CPU.ActiveCfg = Release|Any CPU
		{31B98CA1-506D-4AFC-ADA5-6AFC15678A0B}.Release|Any CPU.Build.0 = Release|Any CPU
		{1BD22C5C-77CD-4BF4-B575-4228AC893884}.Debug|Any CPU.ActiveCfg = Debug|Any CPU
		{1BD22C5C-77CD-4BF4-B575-4228AC893884}.Debug|Any CPU.Build.0 = Debug|Any CPU
		{1BD22C5C-77CD-4BF4-B575-4228AC893884}.Release|Any CPU.ActiveCfg = Release|Any CPU
		{1BD22C5C-77CD-4BF4-B575-4228AC893884}.Release|Any CPU.Build.0 = Release|Any CPU
	EndGlobalSection
EndGlobal
