
Microsoft Visual Studio Solution File, Format Version 12.00
Project("{FAE04EC0-301F-11D3-BF4B-00C04F79EFBC}") = "Exercicio01", "Exercicio01\Exercicio01.csproj", "{52D1E12D-25B7-4A23-9224-CC2E30FA74FC}"
EndProject
Project("{FAE04EC0-301F-11D3-BF4B-00C04F79EFBC}") = "Exercicio02", "Exercicio02\Exercicio02.csproj", "{35CBD31E-BDEB-4586-8E4C-21007BE4D349}"
EndProject
Project("{FAE04EC0-301F-11D3-BF4B-00C04F79EFBC}") = "Exercicio03", "Exercicio03\Exercicio03.csproj", "{09E6481C-F3B1-4E86-95D6-08523BC20988}"
EndProject
Project("{FAE04EC0-301F-11D3-BF4B-00C04F79EFBC}") = "Exercicio04", "Exercicio04\Exercicio04.csproj", "{219404E8-2863-43C6-8E79-7CBE4CB7B72A}"
EndProject
Project("{FAE04EC0-301F-11D3-BF4B-00C04F79EFBC}") = "Exercicio05", "Exercicio05\Exercicio05.csproj", "{ACC1D86B-0BEC-4FA5-99EF-25711643CF79}"
EndProject
Project("{FAE04EC0-301F-11D3-BF4B-00C04F79EFBC}") = "Exercicio06", "Exercicio06\Exercicio06.csproj", "{33C57D13-6CBF-4370-8DF0-45E32232F9BF}"
EndProject
Project("{FAE04EC0-301F-11D3-BF4B-00C04F79EFBC}") = "Exercicio07", "Exercicio07\Exercicio07.csproj", "{F129664F-C947-4732-AB63-A94E08041D49}"
EndProject
Global
	GlobalSection(SolutionConfigurationPlatforms) = preSolution
		Debug|Any CPU = Debug|Any CPU
		Release|Any CPU = Release|Any CPU
	EndGlobalSection
	GlobalSection(ProjectConfigurationPlatforms) = postSolution
		{52D1E12D-25B7-4A23-9224-CC2E30FA74FC}.Debug|Any CPU.ActiveCfg = Debug|Any CPU
		{52D1E12D-25B7-4A23-9224-CC2E30FA74FC}.Debug|Any CPU.Build.0 = Debug|Any CPU
		{52D1E12D-25B7-4A23-9224-CC2E30FA74FC}.Release|Any CPU.ActiveCfg = Release|Any CPU
		{52D1E12D-25B7-4A23-9224-CC2E30FA74FC}.Release|Any CPU.Build.0 = Release|Any CPU
		{35CBD31E-BDEB-4586-8E4C-21007BE4D349}.Debug|Any CPU.ActiveCfg = Debug|Any CPU
		{35CBD31E-BDEB-4586-8E4C-21007BE4D349}.Debug|Any CPU.Build.0 = Debug|Any CPU
		{35CBD31E-BDEB-4586-8E4C-21007BE4D349}.Release|Any CPU.ActiveCfg = Release|Any CPU
		{35CBD31E-BDEB-4586-8E4C-21007BE4D349}.Release|Any CPU.Build.0 = Release|Any CPU
		{09E6481C-F3B1-4E86-95D6-08523BC20988}.Debug|Any CPU.ActiveCfg = Debug|Any CPU
		{09E6481C-F3B1-4E86-95D6-08523BC20988}.Debug|Any CPU.Build.0 = Debug|Any CPU
		{09E6481C-F3B1-4E86-95D6-08523BC20988}.Release|Any CPU.ActiveCfg = Release|Any CPU
		{09E6481C-F3B1-4E86-95D6-08523BC20988}.Release|Any CPU.Build.0 = Release|Any CPU
		{219404E8-2863-43C6-8E79-7CBE4CB7B72A}.Debug|Any CPU.ActiveCfg = Debug|Any CPU
		{219404E8-2863-43C6-8E79-7CBE4CB7B72A}.Debug|Any CPU.Build.0 = Debug|Any CPU
		{219404E8-2863-43C6-8E79-7CBE4CB7B72A}.Release|Any CPU.ActiveCfg = Release|Any CPU
		{219404E8-2863-43C6-8E79-7CBE4CB7B72A}.Release|Any CPU.Build.0 = Release|Any CPU
		{ACC1D86B-0BEC-4FA5-99EF-25711643CF79}.Debug|Any CPU.ActiveCfg = Debug|Any CPU
		{ACC1D86B-0BEC-4FA5-99EF-25711643CF79}.Debug|Any CPU.Build.0 = Debug|Any CPU
		{ACC1D86B-0BEC-4FA5-99EF-25711643CF79}.Release|Any CPU.ActiveCfg = Release|Any CPU
		{ACC1D86B-0BEC-4FA5-99EF-25711643CF79}.Release|Any CPU.Build.0 = Release|Any CPU
		{33C57D13-6CBF-4370-8DF0-45E32232F9BF}.Debug|Any CPU.ActiveCfg = Debug|Any CPU
		{33C57D13-6CBF-4370-8DF0-45E32232F9BF}.Debug|Any CPU.Build.0 = Debug|Any CPU
		{33C57D13-6CBF-4370-8DF0-45E32232F9BF}.Release|Any CPU.ActiveCfg = Release|Any CPU
		{33C57D13-6CBF-4370-8DF0-45E32232F9BF}.Release|Any CPU.Build.0 = Release|Any CPU
		{F129664F-C947-4732-AB63-A94E08041D49}.Debug|Any CPU.ActiveCfg = Debug|Any CPU
		{F129664F-C947-4732-AB63-A94E08041D49}.Debug|Any CPU.Build.0 = Debug|Any CPU
		{F129664F-C947-4732-AB63-A94E08041D49}.Release|Any CPU.ActiveCfg = Release|Any CPU
		{F129664F-C947-4732-AB63-A94E08041D49}.Release|Any CPU.Build.0 = Release|Any CPU
	EndGlobalSection
EndGlobal
